<?xml version="1.0" encoding="utf-8"?>
<Project ToolsVersion="4.0" xmlns="http://schemas.microsoft.com/developer/msbuild/2003">
  <ItemGroup>
    <Filter Include="Fichiers sources">
      <UniqueIdentifier>{4FC737F1-C7A5-4376-A066-2A32D752A2FF}</UniqueIdentifier>
      <Extensions>cpp;c;cc;cxx;c++;cppm;ixx;def;odl;idl;hpj;bat;asm;asmx</Extensions>
    </Filter>
    <Filter Include="Fichiers d%27en-tête">
      <UniqueIdentifier>{93995380-89BD-4b04-88EB-625FBE52EBFB}</UniqueIdentifier>
      <Extensions>h;hh;hpp;hxx;h++;hm;inl;inc;ipp;xsd</Extensions>
    </Filter>
    <Filter Include="Fichiers de ressources">
      <UniqueIdentifier>{67DA6AB6-F800-4c08-8B7A-83BB121AAD01}</UniqueIdentifier>
      <Extensions>rc;ico;cur;bmp;dlg;rc2;rct;bin;rgs;gif;jpg;jpeg;jpe;resx;tiff;tif;png;wav;mfcribbon-ms</Extensions>
    </Filter>
    <Filter Include="imgui">
      <UniqueIdentifier>{53306db3-d643-46e4-a343-031b5fd5c07f}</UniqueIdentifier>
    </Filter>
    <Filter Include="eastl">
      <UniqueIdentifier>{75f2da59-db1e-4351-9593-10cb54c8e587}</UniqueIdentifier>
    </Filter>
    <Filter Include="eastl\src">
      <UniqueIdentifier>{d2dbfdc0-8b14-4cf7-99db-feee8315f00d}</UniqueIdentifier>
    </Filter>
    <Filter Include="eastl\include">
      <UniqueIdentifier>{9365c18a-1d8b-4f4e-9b08-d960d9eb9647}</UniqueIdentifier>
    </Filter>
  </ItemGroup>
  <ItemGroup>
    <ClCompile Include="Game.cpp">
      <Filter>Fichiers sources</Filter>
    </ClCompile>
    <ClCompile Include="HotReloadShader.cpp">
      <Filter>Fichiers sources</Filter>
    </ClCompile>
    <ClCompile Include="libs\imgui\imgui_draw.cpp">
      <Filter>imgui</Filter>
    </ClCompile>
    <ClCompile Include="libs\imgui\imgui_widgets.cpp">
      <Filter>imgui</Filter>
    </ClCompile>
    <ClCompile Include="libs\imgui\imgui.cpp">
      <Filter>imgui</Filter>
    </ClCompile>
    <ClCompile Include="libs\imgui-sfml\imgui-SFML.cpp">
      <Filter>imgui</Filter>
    </ClCompile>
    <ClCompile Include="app.cpp">
      <Filter>Fichiers sources</Filter>
    </ClCompile>
    <ClCompile Include="libs\eastl\source\allocator_eastl.cpp">
      <Filter>eastl\src</Filter>
    </ClCompile>
    <ClCompile Include="libs\eastl\source\assert.cpp">
      <Filter>eastl\src</Filter>
    </ClCompile>
    <ClCompile Include="libs\eastl\source\atomic.cpp">
      <Filter>eastl\src</Filter>
    </ClCompile>
    <ClCompile Include="libs\eastl\source\fixed_pool.cpp">
      <Filter>eastl\src</Filter>
    </ClCompile>
    <ClCompile Include="libs\eastl\source\hashtable.cpp">
      <Filter>eastl\src</Filter>
    </ClCompile>
    <ClCompile Include="libs\eastl\source\intrusive_list.cpp">
      <Filter>eastl\src</Filter>
    </ClCompile>
    <ClCompile Include="libs\eastl\source\numeric_limits.cpp">
      <Filter>eastl\src</Filter>
    </ClCompile>
    <ClCompile Include="libs\eastl\source\red_black_tree.cpp">
      <Filter>eastl\src</Filter>
    </ClCompile>
    <ClCompile Include="libs\eastl\source\string.cpp">
      <Filter>eastl\src</Filter>
    </ClCompile>
    <ClCompile Include="libs\eastl\source\thread_support.cpp">
      <Filter>eastl\src</Filter>
    </ClCompile>
    <ClCompile Include="Bloom.cpp">
      <Filter>Fichiers sources</Filter>
    </ClCompile>
    <ClCompile Include="Lib.cpp">
      <Filter>Fichiers sources</Filter>
    </ClCompile>
    <ClCompile Include="VirtualCallTest.cpp">
      <Filter>Fichiers sources</Filter>
    </ClCompile>
  </ItemGroup>
  <ItemGroup>
    <ClInclude Include="Interp.hpp">
      <Filter>Fichiers d%27en-tête</Filter>
    </ClInclude>
    <ClInclude Include="Game.hpp">
      <Filter>Fichiers d%27en-tête</Filter>
    </ClInclude>
    <ClInclude Include="Dice.hpp">
      <Filter>Fichiers d%27en-tête</Filter>
    </ClInclude>
    <ClInclude Include="Lib.hpp">
      <Filter>Fichiers d%27en-tête</Filter>
    </ClInclude>
    <ClInclude Include="Particle.hpp">
      <Filter>Fichiers d%27en-tête</Filter>
    </ClInclude>
    <ClInclude Include="ParticleMan.hpp">
      <Filter>Fichiers d%27en-tête</Filter>
    </ClInclude>
    <ClInclude Include="HotReloadShader.hpp">
      <Filter>Fichiers d%27en-tête</Filter>
    </ClInclude>
    <ClInclude Include="C.hpp">
      <Filter>Fichiers d%27en-tête</Filter>
    </ClInclude>
    <ClInclude Include="libs\imgui\imgui.h">
      <Filter>imgui</Filter>
    </ClInclude>
    <ClInclude Include="libs\imgui-sfml\imgui-SFML.h">
      <Filter>imgui</Filter>
    </ClInclude>
    <ClInclude Include="libs\imgui-sfml\imgui-SFML_export.h">
      <Filter>imgui</Filter>
    </ClInclude>
    <ClInclude Include="libs\eastl\include\EASTL\vector.h">
      <Filter>eastl\include</Filter>
    </ClInclude>
    <ClInclude Include="libs\eastl\include\EASTL\vector_map.h">
      <Filter>eastl\include</Filter>
    </ClInclude>
    <ClInclude Include="libs\eastl\include\EASTL\vector_multimap.h">
      <Filter>eastl\include</Filter>
    </ClInclude>
    <ClInclude Include="libs\eastl\include\EASTL\vector_multiset.h">
      <Filter>eastl\include</Filter>
    </ClInclude>
    <ClInclude Include="libs\eastl\include\EASTL\vector_set.h">
      <Filter>eastl\include</Filter>
    </ClInclude>
    <ClInclude Include="libs\eastl\include\EASTL\version.h">
      <Filter>eastl\include</Filter>
    </ClInclude>
    <ClInclude Include="libs\eastl\include\EASTL\weak_ptr.h">
      <Filter>eastl\include</Filter>
    </ClInclude>
    <ClInclude Include="libs\eastl\include\EASTL\algorithm.h">
      <Filter>eastl\include</Filter>
    </ClInclude>
    <ClInclude Include="libs\eastl\include\EASTL\allocator.h">
      <Filter>eastl\include</Filter>
    </ClInclude>
    <ClInclude Include="libs\eastl\include\EASTL\allocator_malloc.h">
      <Filter>eastl\include</Filter>
    </ClInclude>
    <ClInclude Include="libs\eastl\include\EASTL\any.h">
      <Filter>eastl\include</Filter>
    </ClInclude>
    <ClInclude Include="libs\eastl\include\EASTL\array.h">
      <Filter>eastl\include</Filter>
    </ClInclude>
    <ClInclude Include="libs\eastl\include\EASTL\atomic.h">
      <Filter>eastl\include</Filter>
    </ClInclude>
    <ClInclude Include="libs\eastl\include\EASTL\bitset.h">
      <Filter>eastl\include</Filter>
    </ClInclude>
    <ClInclude Include="libs\eastl\include\EASTL\bitvector.h">
      <Filter>eastl\include</Filter>
    </ClInclude>
    <ClInclude Include="libs\eastl\include\EASTL\chrono.h">
      <Filter>eastl\include</Filter>
    </ClInclude>
    <ClInclude Include="libs\eastl\include\EASTL\core_allocator.h">
      <Filter>eastl\include</Filter>
    </ClInclude>
    <ClInclude Include="libs\eastl\include\EASTL\core_allocator_adapter.h">
      <Filter>eastl\include</Filter>
    </ClInclude>
    <ClInclude Include="libs\eastl\include\EASTL\deque.h">
      <Filter>eastl\include</Filter>
    </ClInclude>
    <ClInclude Include="libs\eastl\include\EASTL\finally.h">
      <Filter>eastl\include</Filter>
    </ClInclude>
    <ClInclude Include="libs\eastl\include\EASTL\fixed_allocator.h">
      <Filter>eastl\include</Filter>
    </ClInclude>
    <ClInclude Include="libs\eastl\include\EASTL\fixed_function.h">
      <Filter>eastl\include</Filter>
    </ClInclude>
    <ClInclude Include="libs\eastl\include\EASTL\fixed_hash_map.h">
      <Filter>eastl\include</Filter>
    </ClInclude>
    <ClInclude Include="libs\eastl\include\EASTL\fixed_hash_set.h">
      <Filter>eastl\include</Filter>
    </ClInclude>
    <ClInclude Include="libs\eastl\include\EASTL\fixed_list.h">
      <Filter>eastl\include</Filter>
    </ClInclude>
    <ClInclude Include="libs\eastl\include\EASTL\fixed_map.h">
      <Filter>eastl\include</Filter>
    </ClInclude>
    <ClInclude Include="libs\eastl\include\EASTL\fixed_set.h">
      <Filter>eastl\include</Filter>
    </ClInclude>
    <ClInclude Include="libs\eastl\include\EASTL\fixed_slist.h">
      <Filter>eastl\include</Filter>
    </ClInclude>
    <ClInclude Include="libs\eastl\include\EASTL\fixed_string.h">
      <Filter>eastl\include</Filter>
    </ClInclude>
    <ClInclude Include="libs\eastl\include\EASTL\fixed_substring.h">
      <Filter>eastl\include</Filter>
    </ClInclude>
    <ClInclude Include="libs\eastl\include\EASTL\fixed_vector.h">
      <Filter>eastl\include</Filter>
    </ClInclude>
    <ClInclude Include="libs\eastl\include\EASTL\functional.h">
      <Filter>eastl\include</Filter>
    </ClInclude>
    <ClInclude Include="libs\eastl\include\EASTL\hash_map.h">
      <Filter>eastl\include</Filter>
    </ClInclude>
    <ClInclude Include="libs\eastl\include\EASTL\hash_set.h">
      <Filter>eastl\include</Filter>
    </ClInclude>
    <ClInclude Include="libs\eastl\include\EASTL\heap.h">
      <Filter>eastl\include</Filter>
    </ClInclude>
    <ClInclude Include="libs\eastl\include\EASTL\initializer_list.h">
      <Filter>eastl\include</Filter>
    </ClInclude>
    <ClInclude Include="libs\eastl\include\EASTL\intrusive_hash_map.h">
      <Filter>eastl\include</Filter>
    </ClInclude>
    <ClInclude Include="libs\eastl\include\EASTL\intrusive_hash_set.h">
      <Filter>eastl\include</Filter>
    </ClInclude>
    <ClInclude Include="libs\eastl\include\EASTL\intrusive_list.h">
      <Filter>eastl\include</Filter>
    </ClInclude>
    <ClInclude Include="libs\eastl\include\EASTL\intrusive_ptr.h">
      <Filter>eastl\include</Filter>
    </ClInclude>
    <ClInclude Include="libs\eastl\include\EASTL\iterator.h">
      <Filter>eastl\include</Filter>
    </ClInclude>
    <ClInclude Include="libs\eastl\include\EASTL\linked_array.h">
      <Filter>eastl\include</Filter>
    </ClInclude>
    <ClInclude Include="libs\eastl\include\EASTL\linked_ptr.h">
      <Filter>eastl\include</Filter>
    </ClInclude>
    <ClInclude Include="libs\eastl\include\EASTL\list.h">
      <Filter>eastl\include</Filter>
    </ClInclude>
    <ClInclude Include="libs\eastl\include\EASTL\map.h">
      <Filter>eastl\include</Filter>
    </ClInclude>
    <ClInclude Include="libs\eastl\include\EASTL\memory.h">
      <Filter>eastl\include</Filter>
    </ClInclude>
    <ClInclude Include="libs\eastl\include\EASTL\meta.h">
      <Filter>eastl\include</Filter>
    </ClInclude>
    <ClInclude Include="libs\eastl\include\EASTL\numeric.h">
      <Filter>eastl\include</Filter>
    </ClInclude>
    <ClInclude Include="libs\eastl\include\EASTL\numeric_limits.h">
      <Filter>eastl\include</Filter>
    </ClInclude>
    <ClInclude Include="libs\eastl\include\EASTL\optional.h">
      <Filter>eastl\include</Filter>
    </ClInclude>
    <ClInclude Include="libs\eastl\include\EASTL\priority_queue.h">
      <Filter>eastl\include</Filter>
    </ClInclude>
    <ClInclude Include="libs\eastl\include\EASTL\queue.h">
      <Filter>eastl\include</Filter>
    </ClInclude>
    <ClInclude Include="libs\eastl\include\EASTL\random.h">
      <Filter>eastl\include</Filter>
    </ClInclude>
    <ClInclude Include="libs\eastl\include\EASTL\ratio.h">
      <Filter>eastl\include</Filter>
    </ClInclude>
    <ClInclude Include="libs\eastl\include\EASTL\safe_ptr.h">
      <Filter>eastl\include</Filter>
    </ClInclude>
    <ClInclude Include="libs\eastl\include\EASTL\scoped_array.h">
      <Filter>eastl\include</Filter>
    </ClInclude>
    <ClInclude Include="libs\eastl\include\EASTL\scoped_ptr.h">
      <Filter>eastl\include</Filter>
    </ClInclude>
    <ClInclude Include="libs\eastl\include\EASTL\segmented_vector.h">
      <Filter>eastl\include</Filter>
    </ClInclude>
    <ClInclude Include="libs\eastl\include\EASTL\set.h">
      <Filter>eastl\include</Filter>
    </ClInclude>
    <ClInclude Include="libs\eastl\include\EASTL\shared_array.h">
      <Filter>eastl\include</Filter>
    </ClInclude>
    <ClInclude Include="libs\eastl\include\EASTL\shared_ptr.h">
      <Filter>eastl\include</Filter>
    </ClInclude>
    <ClInclude Include="libs\eastl\include\EASTL\slist.h">
      <Filter>eastl\include</Filter>
    </ClInclude>
    <ClInclude Include="libs\eastl\include\EASTL\sort.h">
      <Filter>eastl\include</Filter>
    </ClInclude>
    <ClInclude Include="libs\eastl\include\EASTL\span.h">
      <Filter>eastl\include</Filter>
    </ClInclude>
    <ClInclude Include="libs\eastl\include\EASTL\stack.h">
      <Filter>eastl\include</Filter>
    </ClInclude>
    <ClInclude Include="libs\eastl\include\EASTL\string.h">
      <Filter>eastl\include</Filter>
    </ClInclude>
    <ClInclude Include="libs\eastl\include\EASTL\string_hash_map.h">
      <Filter>eastl\include</Filter>
    </ClInclude>
    <ClInclude Include="libs\eastl\include\EASTL\string_map.h">
      <Filter>eastl\include</Filter>
    </ClInclude>
    <ClInclude Include="libs\eastl\include\EASTL\string_view.h">
      <Filter>eastl\include</Filter>
    </ClInclude>
    <ClInclude Include="libs\eastl\include\EASTL\tuple.h">
      <Filter>eastl\include</Filter>
    </ClInclude>
    <ClInclude Include="libs\eastl\include\EASTL\type_traits.h">
      <Filter>eastl\include</Filter>
    </ClInclude>
    <ClInclude Include="libs\eastl\include\EASTL\unique_ptr.h">
      <Filter>eastl\include</Filter>
    </ClInclude>
    <ClInclude Include="libs\eastl\include\EASTL\unordered_map.h">
      <Filter>eastl\include</Filter>
    </ClInclude>
    <ClInclude Include="libs\eastl\include\EASTL\unordered_set.h">
      <Filter>eastl\include</Filter>
    </ClInclude>
    <ClInclude Include="libs\eastl\include\EASTL\utility.h">
      <Filter>eastl\include</Filter>
    </ClInclude>
    <ClInclude Include="libs\eastl\include\EASTL\variant.h">
      <Filter>eastl\include</Filter>
    </ClInclude>
    <ClInclude Include="eastl_config.hpp">
      <Filter>Fichiers d%27en-tête</Filter>
    </ClInclude>
    <ClInclude Include="Bloom.hpp">
      <Filter>Fichiers d%27en-tête</Filter>
    </ClInclude>
    <ClInclude Include="app.h">
      <Filter>Fichiers d%27en-tête</Filter>
    </ClInclude>
    <ClInclude Include="VirtualCallTest.hpp">
      <Filter>Fichiers d%27en-tête</Filter>
    </ClInclude>
  </ItemGroup>
</Project>